
Microsoft Visual Studio Solution File, Format Version 12.00
# Visual Studio 14
VisualStudioVersion = 14.0.25420.1
MinimumVisualStudioVersion = 10.0.40219.1
Project("{F184B08F-C81C-45F6-A57F-5ABD9991F28F}") = "CekUpdate", "CekUpdate\CekUpdate.vbproj", "{B6D02D60-A364-4A89-BFEC-BA0B973B9467}"
EndProject
Global
	GlobalSection(SolutionConfigurationPlatforms) = preSolution
		Debug|Any CPU = Debug|Any CPU
		Release|Any CPU = Release|Any CPU
	EndGlobalSection
	GlobalSection(ProjectConfigurationPlatforms) = postSolution
		{B6D02D60-A364-4A89-BFEC-BA0B973B9467}.Debug|Any CPU.ActiveCfg = Debug|Any CPU
		{B6D02D60-A364-4A89-BFEC-BA0B973B9467}.Debug|Any CPU.Build.0 = Debug|Any CPU
		{B6D02D60-A364-4A89-BFEC-BA0B973B9467}.Release|Any CPU.ActiveCfg = Release|Any CPU
		{B6D02D60-A364-4A89-BFEC-BA0B973B9467}.Release|Any CPU.Build.0 = Release|Any CPU
	EndGlobalSection
	GlobalSection(SolutionProperties) = preSolution
		HideSolutionNode = FALSE
	EndGlobalSection
EndGlobal
